{
  "name": "json-to-sequelize",
  "version": "1.0.0",
  "lockfileVersion": 1,
  "requires": true,
  "dependencies": {
    "escape-html": {
      "version": "1.0.3",
      "resolved": "https://registry.npmjs.org/escape-html/-/escape-html-1.0.3.tgz",
      "integrity": "sha1-Aljq5NPQwJdN4cFpGI7wBR0dGYg="
    },
    "xtemplate": {
      "version": "4.6.1",
      "resolved": "https://registry.npmjs.org/xtemplate/-/xtemplate-4.6.1.tgz",
      "integrity": "sha1-EbtP4x6Hi9oK+aE5q00y/gz/rT8=",
      "requires": {
        "escape-html": "~1.0.3"
      }
    },
    "xtpl": {
      "version": "3.4.0",
      "resolved": "https://registry.npmjs.org/xtpl/-/xtpl-3.4.0.tgz",
      "integrity": "sha1-Aq8IktNpa6ZHUHuAIUdfon+tyHA="
    }
  }
}
